
Microsoft Visual Studio Solution File, Format Version 12.00
# Visual Studio Version 16
VisualStudioVersion = 16.0.32901.82
MinimumVisualStudioVersion = 10.0.40219.1
Project("{9A19103F-16F7-4668-BE54-9A1E7A4F7556}") = "Business", "Business\Business.csproj", "{1E512DFC-25F3-43A8-A84D-5B5C58B56F47}"
EndProject
Project("{9A19103F-16F7-4668-BE54-9A1E7A4F7556}") = "ConsoleUI", "ConsoleUI\ConsoleUI.csproj", "{D655F0A4-0E85-4967-8884-9C24EF79A2ED}"
EndProject
Project("{9A19103F-16F7-4668-BE54-9A1E7A4F7556}") = "DataAccsess", "DataAccsess\DataAccsess.csproj", "{24786C84-F387-4D73-9847-78B112B6DEF0}"
EndProject
Project("{9A19103F-16F7-4668-BE54-9A1E7A4F7556}") = "Entities", "Entities\Entities.csproj", "{012D9945-AD0A-48CA-850C-1AF4E0E4EA29}"
EndProject
Project("{2150E333-8FDC-42A3-9474-1A3956D46DE8}") = "Not", "Not", "{0722A3A8-D68A-4868-945A-577A03167F6D}"
	ProjectSection(SolutionItems) = preProject
		not.txt = not.txt
	EndProjectSection
EndProject
Global
	GlobalSection(SolutionConfigurationPlatforms) = preSolution
		Debug|Any CPU = Debug|Any CPU
		Release|Any CPU = Release|Any CPU
	EndGlobalSection
	GlobalSection(ProjectConfigurationPlatforms) = postSolution
		{1E512DFC-25F3-43A8-A84D-5B5C58B56F47}.Debug|Any CPU.ActiveCfg = Debug|Any CPU
		{1E512DFC-25F3-43A8-A84D-5B5C58B56F47}.Debug|Any CPU.Build.0 = Debug|Any CPU
		{1E512DFC-25F3-43A8-A84D-5B5C58B56F47}.Release|Any CPU.ActiveCfg = Release|Any CPU
		{1E512DFC-25F3-43A8-A84D-5B5C58B56F47}.Release|Any CPU.Build.0 = Release|Any CPU
		{D655F0A4-0E85-4967-8884-9C24EF79A2ED}.Debug|Any CPU.ActiveCfg = Debug|Any CPU
		{D655F0A4-0E85-4967-8884-9C24EF79A2ED}.Debug|Any CPU.Build.0 = Debug|Any CPU
		{D655F0A4-0E85-4967-8884-9C24EF79A2ED}.Release|Any CPU.ActiveCfg = Release|Any CPU
		{D655F0A4-0E85-4967-8884-9C24EF79A2ED}.Release|Any CPU.Build.0 = Release|Any CPU
		{24786C84-F387-4D73-9847-78B112B6DEF0}.Debug|Any CPU.ActiveCfg = Debug|Any CPU
		{24786C84-F387-4D73-9847-78B112B6DEF0}.Debug|Any CPU.Build.0 = Debug|Any CPU
		{24786C84-F387-4D73-9847-78B112B6DEF0}.Release|Any CPU.ActiveCfg = Release|Any CPU
		{24786C84-F387-4D73-9847-78B112B6DEF0}.Release|Any CPU.Build.0 = Release|Any CPU
		{012D9945-AD0A-48CA-850C-1AF4E0E4EA29}.Debug|Any CPU.ActiveCfg = Debug|Any CPU
		{012D9945-AD0A-48CA-850C-1AF4E0E4EA29}.Debug|Any CPU.Build.0 = Debug|Any CPU
		{012D9945-AD0A-48CA-850C-1AF4E0E4EA29}.Release|Any CPU.ActiveCfg = Release|Any CPU
		{012D9945-AD0A-48CA-850C-1AF4E0E4EA29}.Release|Any CPU.Build.0 = Release|Any CPU
	EndGlobalSection
	GlobalSection(SolutionProperties) = preSolution
		HideSolutionNode = FALSE
	EndGlobalSection
	GlobalSection(ExtensibilityGlobals) = postSolution
		SolutionGuid = {4F38BF40-0394-4058-8599-22732BEA6EA3}
	EndGlobalSection
EndGlobal
